
Microsoft Visual Studio Solution File, Format Version 12.00
# Visual Studio Version 16
VisualStudioVersion = 16.0.810.11
MinimumVisualStudioVersion = 10.0.40219.1
Project("{FAE04EC0-301F-11D3-BF4B-00C04F79EFBC}") = "Leave_Mgmt", "Leave_Mgmt\Leave_Mgmt.csproj", "{4372ACCA-CEA2-46EB-B736-55C8F686263A}"
EndProject
Global
	GlobalSection(SolutionConfigurationPlatforms) = preSolution
		Debug|Any CPU = Debug|Any CPU
		Release|Any CPU = Release|Any CPU
	EndGlobalSection
	GlobalSection(ProjectConfigurationPlatforms) = postSolution
		{4372ACCA-CEA2-46EB-B736-55C8F686263A}.Debug|Any CPU.ActiveCfg = Debug|Any CPU
		{4372ACCA-CEA2-46EB-B736-55C8F686263A}.Debug|Any CPU.Build.0 = Debug|Any CPU
		{4372ACCA-CEA2-46EB-B736-55C8F686263A}.Release|Any CPU.ActiveCfg = Release|Any CPU
		{4372ACCA-CEA2-46EB-B736-55C8F686263A}.Release|Any CPU.Build.0 = Release|Any CPU
	EndGlobalSection
	GlobalSection(SolutionProperties) = preSolution
		HideSolutionNode = FALSE
	EndGlobalSection
	GlobalSection(ExtensibilityGlobals) = postSolution
		SolutionGuid = {325E5F46-2DC1-423F-B03A-993AF9285182}
	EndGlobalSection
EndGlobal
